// !$*UTF8*$!
{
	archiveVersion = 1;
	classes = {
	};
	objectVersion = 50;
	objects = {

/* Begin PBXBuildFile section */
		45E520152590E7140012E838 /* AppDelegate.m in Sources */ = {isa = PBXBuildFile; fileRef = 45E520142590E7140012E838 /* AppDelegate.m */; };
		45E520182590E7140012E838 /* SceneDelegate.m in Sources */ = {isa = PBXBuildFile; fileRef = 45E520172590E7140012E838 /* SceneDelegate.m */; };
		45E5201B2590E7140012E838 /* ViewController.m in Sources */ = {isa = PBXBuildFile; fileRef = 45E5201A2590E7140012E838 /* ViewController.m */; };
		45E5201E2590E7140012E838 /* Main.storyboard in Resources */ = {isa = PBXBuildFile; fileRef = 45E5201C2590E7140012E838 /* Main.storyboard */; };
		45E520202590E7170012E838 /* Assets.xcassets in Resources */ = {isa = PBXBuildFile; fileRef = 45E5201F2590E7170012E838 /* Assets.xcassets */; };
		45E520232590E7170012E838 /* LaunchScreen.storyboard in Resources */ = {isa = PBXBuildFile; fileRef = 45E520212590E7170012E838 /* LaunchScreen.storyboard */; };
		45E520262590E7170012E838 /* main.m in Sources */ = {isa = PBXBuildFile; fileRef = 45E520252590E7170012E838 /* main.m */; };
/* End PBXBuildFile section */

/* Begin PBXFileReference section */
		45E520102590E7140012E838 /* DesignPatternsOC.app */ = {isa = PBXFileReference; explicitFileType = wrapper.application; includeInIndex = 0; path = DesignPatternsOC.app; sourceTree = BUILT_PRODUCTS_DIR; };
		45E520132590E7140012E838 /* AppDelegate.h */ = {isa = PBXFileReference; lastKnownFileType = sourcecode.c.h; path = AppDelegate.h; sourceTree = "<group>"; };
		45E520142590E7140012E838 /* AppDelegate.m */ = {isa = PBXFileReference; lastKnownFileType = sourcecode.c.objc; path = AppDelegate.m; sourceTree = "<group>"; };
		45E520162590E7140012E838 /* SceneDelegate.h */ = {isa = PBXFileReference; lastKnownFileType = sourcecode.c.h; path = SceneDelegate.h; sourceTree = "<group>"; };
		45E520172590E7140012E838 /* SceneDelegate.m */ = {isa = PBXFileReference; lastKnownFileType = sourcecode.c.objc; path = SceneDelegate.m; sourceTree = "<group>"; };
		45E520192590E7140012E838 /* ViewController.h */ = {isa = PBXFileReference; lastKnownFileType = sourcecode.c.h; path = ViewController.h; sourceTree = "<group>"; };
		45E5201A2590E7140012E838 /* ViewController.m */ = {isa = PBXFileReference; lastKnownFileType = sourcecode.c.objc; path = ViewController.m; sourceTree = "<group>"; };
		45E5201D2590E7140012E838 /* Base */ = {isa = PBXFileReference; lastKnownFileType = file.storyboard; name = Base; path = Base.lproj/Main.storyboard; sourceTree = "<group>"; };
		45E5201F2590E7170012E838 /* Assets.xcassets */ = {isa = PBXFileReference; lastKnownFileType = folder.assetcatalog; path = Assets.xcassets; sourceTree = "<group>"; };
		45E520222590E7170012E838 /* Base */ = {isa = PBXFileReference; lastKnownFileType = file.storyboard; name = Base; path = Base.lproj/LaunchScreen.storyboard; sourceTree = "<group>"; };
		45E520242590E7170012E838 /* Info.plist */ = {isa = PBXFileReference; lastKnownFileType = text.plist.xml; path = Info.plist; sourceTree = "<group>"; };
		45E520252590E7170012E838 /* main.m */ = {isa = PBXFileReference; lastKnownFileType = sourcecode.c.objc; path = main.m; sourceTree = "<group>"; };
/* End PBXFileReference section */

/* Begin PBXFrameworksBuildPhase section */
		45E5200D2590E7140012E838 /* Frameworks */ = {
			isa = PBXFrameworksBuildPhase;
			buildActionMask = 2147483647;
			files = (
			);
			runOnlyForDeploymentPostprocessing = 0;
		};
/* End PBXFrameworksBuildPhase section */

/* Begin PBXGroup section */
		45E520072590E7140012E838 = {
			isa = PBXGroup;
			children = (
				45E520122590E7140012E838 /* DesignPatternsOC */,
				45E520112590E7140012E838 /* Products */,
			);
			sourceTree = "<group>";
		};
		45E520112590E7140012E838 /* Products */ = {
			isa = PBXGroup;
			children = (
				45E520102590E7140012E838 /* DesignPatternsOC.app */,
			);
			name = Products;
			sourceTree = "<group>";
		};
		45E520122590E7140012E838 /* DesignPatternsOC */ = {
			isa = PBXGroup;
			children = (
				45E5202F2590E7FF0012E838 /* behavioral */,
				45E5202E2590E7FB0012E838 /* creational */,
				45E5202D2590E7F60012E838 /* structural */,
				45E5202C2590E74D0012E838 /* basicPrinciples */,
				45E520132590E7140012E838 /* AppDelegate.h */,
				45E520142590E7140012E838 /* AppDelegate.m */,
				45E520162590E7140012E838 /* SceneDelegate.h */,
				45E520172590E7140012E838 /* SceneDelegate.m */,
				45E520192590E7140012E838 /* ViewController.h */,
				45E5201A2590E7140012E838 /* ViewController.m */,
				45E5201C2590E7140012E838 /* Main.storyboard */,
				45E5201F2590E7170012E838 /* Assets.xcassets */,
				45E520212590E7170012E838 /* LaunchScreen.storyboard */,
				45E520242590E7170012E838 /* Info.plist */,
				45E520252590E7170012E838 /* main.m */,
			);
			path = DesignPatternsOC;
			sourceTree = "<group>";
		};
		45E5202C2590E74D0012E838 /* basicPrinciples */ = {
			isa = PBXGroup;
			children = (
			);
			path = basicPrinciples;
			sourceTree = "<group>";
		};
		45E5202D2590E7F60012E838 /* structural */ = {
			isa = PBXGroup;
			children = (
			);
			path = structural;
			sourceTree = "<group>";
		};
		45E5202E2590E7FB0012E838 /* creational */ = {
			isa = PBXGroup;
			children = (
			);
			path = creational;
			sourceTree = "<group>";
		};
		45E5202F2590E7FF0012E838 /* behavioral */ = {
			isa = PBXGroup;
			children = (
			);
			path = behavioral;
			sourceTree = "<group>";
		};
/* End PBXGroup section */

/* Begin PBXNativeTarget section */
		45E5200F2590E7140012E838 /* DesignPatternsOC */ = {
			isa = PBXNativeTarget;
			buildConfigurationList = 45E520292590E7170012E838 /* Build configuration list for PBXNativeTarget "DesignPatternsOC" */;
			buildPhases = (
				45E5200C2590E7140012E838 /* Sources */,
				45E5200D2590E7140012E838 /* Frameworks */,
				45E5200E2590E7140012E838 /* Resources */,
			);
			buildRules = (
			);
			dependencies = (
			);
			name = DesignPatternsOC;
			productName = DesignPatternsOC;
			productReference = 45E520102590E7140012E838 /* DesignPatternsOC.app */;
			productType = "com.apple.product-type.application";
		};
/* End PBXNativeTarget section */

/* Begin PBXProject section */
		45E520082590E7140012E838 /* Project object */ = {
			isa = PBXProject;
			attributes = {
				LastUpgradeCheck = 1160;
				ORGANIZATIONNAME = east;
				TargetAttributes = {
					45E5200F2590E7140012E838 = {
						CreatedOnToolsVersion = 11.6;
					};
				};
			};
			buildConfigurationList = 45E5200B2590E7140012E838 /* Build configuration list for PBXProject "DesignPatternsOC" */;
			compatibilityVersion = "Xcode 9.3";
			developmentRegion = en;
			hasScannedForEncodings = 0;
			knownRegions = (
				en,
				Base,
			);
			mainGroup = 45E520072590E7140012E838;
			productRefGroup = 45E520112590E7140012E838 /* Products */;
			projectDirPath = "";
			projectRoot = "";
			targets = (
				45E5200F2590E7140012E838 /* DesignPatternsOC */,
			);
		};
/* End PBXProject section */

/* Begin PBXResourcesBuildPhase section */
		45E5200E2590E7140012E838 /* Resources */ = {
			isa = PBXResourcesBuildPhase;
			buildActionMask = 2147483647;
			files = (
				45E520232590E7170012E838 /* LaunchScreen.storyboard in Resources */,
				45E520202590E7170012E838 /* Assets.xcassets in Resources */,
				45E5201E2590E7140012E838 /* Main.storyboard in Resources */,
			);
			runOnlyForDeploymentPostprocessing = 0;
		};
/* End PBXResourcesBuildPhase section */

/* Begin PBXSourcesBuildPhase section */
		45E5200C2590E7140012E838 /* Sources */ = {
			isa = PBXSourcesBuildPhase;
			buildActionMask = 2147483647;
			files = (
				45E5201B2590E7140012E838 /* ViewController.m in Sources */,
				45E520152590E7140012E838 /* AppDelegate.m in Sources */,
				45E520262590E7170012E838 /* main.m in Sources */,
				45E520182590E7140012E838 /* SceneDelegate.m in Sources */,
			);
			runOnlyForDeploymentPostprocessing = 0;
		};
/* End PBXSourcesBuildPhase section */

/* Begin PBXVariantGroup section */
		45E5201C2590E7140012E838 /* Main.storyboard */ = {
			isa = PBXVariantGroup;
			children = (
				45E5201D2590E7140012E838 /* Base */,
			);
			name = Main.storyboard;
			sourceTree = "<group>";
		};
		45E520212590E7170012E838 /* LaunchScreen.storyboard */ = {
			isa = PBXVariantGroup;
			children = (
				45E520222590E7170012E838 /* Base */,
			);
			name = LaunchScreen.storyboard;
			sourceTree = "<group>";
		};
/* End PBXVariantGroup section */

/* Begin XCBuildConfiguration section */
		45E520272590E7170012E838 /* Debug */ = {
			isa = XCBuildConfiguration;
			buildSettings = {
				ALWAYS_SEARCH_USER_PATHS = NO;
				CLANG_ANALYZER_NONNULL = YES;
				CLANG_ANALYZER_NUMBER_OBJECT_CONVERSION = YES_AGGRESSIVE;
				CLANG_CXX_LANGUAGE_STANDARD = "gnu++14";
				CLANG_CXX_LIBRARY = "libc++";
				CLANG_ENABLE_MODULES = YES;
				CLANG_ENABLE_OBJC_ARC = YES;
				CLANG_ENABLE_OBJC_WEAK = YES;
				CLANG_WARN_BLOCK_CAPTURE_AUTORELEASING = YES;
				CLANG_WARN_BOOL_CONVERSION = YES;
				CLANG_WARN_COMMA = YES;
				CLANG_WARN_CONSTANT_CONVERSION = YES;
				CLANG_WARN_DEPRECATED_OBJC_IMPLEMENTATIONS = YES;
				CLANG_WARN_DIRECT_OBJC_ISA_USAGE = YES_ERROR;
				CLANG_WARN_DOCUMENTATION_COMMENTS = YES;
				CLANG_WARN_EMPTY_BODY = YES;
				CLANG_WARN_ENUM_CONVERSION = YES;
				CLANG_WARN_INFINITE_RECURSION = YES;
				CLANG_WARN_INT_CONVERSION = YES;
				CLANG_WARN_NON_LITERAL_NULL_CONVERSION = YES;
				CLANG_WARN_OBJC_IMPLICIT_RETAIN_SELF = YES;
				CLANG_WARN_OBJC_LITERAL_CONVERSION = YES;
				CLANG_WARN_OBJC_ROOT_CLASS = YES_ERROR;
				CLANG_WARN_RANGE_LOOP_ANALYSIS = YES;
				CLANG_WARN_STRICT_PROTOTYPES = YES;
				CLANG_WARN_SUSPICIOUS_MOVE = YES;
				CLANG_WARN_UNGUARDED_AVAILABILITY = YES_AGGRESSIVE;
				CLANG_WARN_UNREACHABLE_CODE = YES;
				CLANG_WARN__DUPLICATE_METHOD_MATCH = YES;
				COPY_PHASE_STRIP = NO;
				DEBUG_INFORMATION_FORMAT = dwarf;
				ENABLE_STRICT_OBJC_MSGSEND = YES;
				ENABLE_TESTABILITY = YES;
				GCC_C_LANGUAGE_STANDARD = gnu11;
				GCC_DYNAMIC_NO_PIC = NO;
				GCC_NO_COMMON_BLOCKS = YES;
				GCC_OPTIMIZATION_LEVEL = 0;
				GCC_PREPROCESSOR_DEFINITIONS = (
					"DEBUG=1",
					"$(inherited)",
				);
				GCC_WARN_64_TO_32_BIT_CONVERSION = YES;
				GCC_WARN_ABOUT_RETURN_TYPE = YES_ERROR;
				GCC_WARN_UNDECLARED_SELECTOR = YES;
				GCC_WARN_UNINITIALIZED_AUTOS = YES_AGGRESSIVE;
				GCC_WARN_UNUSED_FUNCTION = YES;
				GCC_WARN_UNUSED_VARIABLE = YES;
				IPHONEOS_DEPLOYMENT_TARGET = 13.6;
				MTL_ENABLE_DEBUG_INFO = INCLUDE_SOURCE;
				MTL_FAST_MATH = YES;
				ONLY_ACTIVE_ARCH = YES;
				SDKROOT = iphoneos;
			};
			name = Debug;
		};
		45E520282590E7170012E838 /* Release */ = {
			isa = XCBuildConfiguration;
			buildSettings = {
				ALWAYS_SEARCH_USER_PATHS = NO;
				CLANG_ANALYZER_NONNULL = YES;
				CLANG_ANALYZER_NUMBER_OBJECT_CONVERSION = YES_AGGRESSIVE;
				CLANG_CXX_LANGUAGE_STANDARD = "gnu++14";
				CLANG_CXX_LIBRARY = "libc++";
				CLANG_ENABLE_MODULES = YES;
				CLANG_ENABLE_OBJC_ARC = YES;
				CLANG_ENABLE_OBJC_WEAK = YES;
				CLANG_WARN_BLOCK_CAPTURE_AUTORELEASING = YES;
				CLANG_WARN_BOOL_CONVERSION = YES;
				CLANG_WARN_COMMA = YES;
				CLANG_WARN_CONSTANT_CONVERSION = YES;
				CLANG_WARN_DEPRECATED_OBJC_IMPLEMENTATIONS = YES;
				CLANG_WARN_DIRECT_OBJC_ISA_USAGE = YES_ERROR;
				CLANG_WARN_DOCUMENTATION_COMMENTS = YES;
				CLANG_WARN_EMPTY_BODY = YES;
				CLANG_WARN_ENUM_CONVERSION = YES;
				CLANG_WARN_INFINITE_RECURSION = YES;
				CLANG_WARN_INT_CONVERSION = YES;
				CLANG_WARN_NON_LITERAL_NULL_CONVERSION = YES;
				CLANG_WARN_OBJC_IMPLICIT_RETAIN_SELF = YES;
				CLANG_WARN_OBJC_LITERAL_CONVERSION = YES;
				CLANG_WARN_OBJC_ROOT_CLASS = YES_ERROR;
				CLANG_WARN_RANGE_LOOP_ANALYSIS = YES;
				CLANG_WARN_STRICT_PROTOTYPES = YES;
				CLANG_WARN_SUSPICIOUS_MOVE = YES;
				CLANG_WARN_UNGUARDED_AVAILABILITY = YES_AGGRESSIVE;
				CLANG_WARN_UNREACHABLE_CODE = YES;
				CLANG_WARN__DUPLICATE_METHOD_MATCH = YES;
				COPY_PHASE_STRIP = NO;
				DEBUG_INFORMATION_FORMAT = "dwarf-with-dsym";
				ENABLE_NS_ASSERTIONS = NO;
				ENABLE_STRICT_OBJC_MSGSEND = YES;
				GCC_C_LANGUAGE_STANDARD = gnu11;
				GCC_NO_COMMON_BLOCKS = YES;
				GCC_WARN_64_TO_32_BIT_CONVERSION = YES;
				GCC_WARN_ABOUT_RETURN_TYPE = YES_ERROR;
				GCC_WARN_UNDECLARED_SELECTOR = YES;
				GCC_WARN_UNINITIALIZED_AUTOS = YES_AGGRESSIVE;
				GCC_WARN_UNUSED_FUNCTION = YES;
				GCC_WARN_UNUSED_VARIABLE = YES;
				IPHONEOS_DEPLOYMENT_TARGET = 13.6;
				MTL_ENABLE_DEBUG_INFO = NO;
				MTL_FAST_MATH = YES;
				SDKROOT = iphoneos;
				VALIDATE_PRODUCT = YES;
			};
			name = Release;
		};
		45E5202A2590E7170012E838 /* Debug */ = {
			isa = XCBuildConfiguration;
			buildSettings = {
				ASSETCATALOG_COMPILER_APPICON_NAME = AppIcon;
				CODE_SIGN_STYLE = Automatic;
				INFOPLIST_FILE = DesignPatternsOC/Info.plist;
				LD_RUNPATH_SEARCH_PATHS = (
					"$(inherited)",
					"@executable_path/Frameworks",
				);
				MARKETING_VERSION = 1.0.0;
				PRODUCT_BUNDLE_IDENTIFIER = com.east.DesignPatternsOC;
				PRODUCT_NAME = "$(TARGET_NAME)";
				TARGETED_DEVICE_FAMILY = "1,2";
			};
			name = Debug;
		};
		45E5202B2590E7170012E838 /* Release */ = {
			isa = XCBuildConfiguration;
			buildSettings = {
				ASSETCATALOG_COMPILER_APPICON_NAME = AppIcon;
				CODE_SIGN_STYLE = Automatic;
				INFOPLIST_FILE = DesignPatternsOC/Info.plist;
				LD_RUNPATH_SEARCH_PATHS = (
					"$(inherited)",
					"@executable_path/Frameworks",
				);
				MARKETING_VERSION = 1.0.0;
				PRODUCT_BUNDLE_IDENTIFIER = com.east.DesignPatternsOC;
				PRODUCT_NAME = "$(TARGET_NAME)";
				TARGETED_DEVICE_FAMILY = "1,2";
			};
			name = Release;
		};
/* End XCBuildConfiguration section */

/* Begin XCConfigurationList section */
		45E5200B2590E7140012E838 /* Build configuration list for PBXProject "DesignPatternsOC" */ = {
			isa = XCConfigurationList;
			buildConfigurations = (
				45E520272590E7170012E838 /* Debug */,
				45E520282590E7170012E838 /* Release */,
			);
			defaultConfigurationIsVisible = 0;
			defaultConfigurationName = Release;
		};
		45E520292590E7170012E838 /* Build configuration list for PBXNativeTarget "DesignPatternsOC" */ = {
			isa = XCConfigurationList;
			buildConfigurations = (
				45E5202A2590E7170012E838 /* Debug */,
				45E5202B2590E7170012E838 /* Release */,
			);
			defaultConfigurationIsVisible = 0;
			defaultConfigurationName = Release;
		};
/* End XCConfigurationList section */
	};
	rootObject = 45E520082590E7140012E838 /* Project object */;
}
