// !$*UTF8*$!
{
	archiveVersion = 1;
	classes = {
	};
	objectVersion = 50;
	objects = {

/* Begin PBXBuildFile section */
		455200CA2594D82100AD8F8D /* SingletonUserInfo.m in Sources */ = {isa = PBXBuildFile; fileRef = 455200C92594D82100AD8F8D /* SingletonUserInfo.m */; };
		455200CD2594DE3B00AD8F8D /* SingletonSubUserInfo.m in Sources */ = {isa = PBXBuildFile; fileRef = 455200CC2594DE3B00AD8F8D /* SingletonSubUserInfo.m */; };
		4553C46D2593795300856E84 /* SFBasePhone.m in Sources */ = {isa = PBXBuildFile; fileRef = 4553C46C2593795300856E84 /* SFBasePhone.m */; };
		4553C471259379AF00856E84 /* SFApplePhone.m in Sources */ = {isa = PBXBuildFile; fileRef = 4553C470259379AF00856E84 /* SFApplePhone.m */; };
		4553C474259379BC00856E84 /* SFAndroidPhone.m in Sources */ = {isa = PBXBuildFile; fileRef = 4553C473259379BC00856E84 /* SFAndroidPhone.m */; };
		4553C477259379DC00856E84 /* SFHammerPhone.m in Sources */ = {isa = PBXBuildFile; fileRef = 4553C476259379DC00856E84 /* SFHammerPhone.m */; };
		4553C47A25937B0C00856E84 /* SFPhoneFactory.m in Sources */ = {isa = PBXBuildFile; fileRef = 4553C47925937B0C00856E84 /* SFPhoneFactory.m */; };
		4553C47E259383C100856E84 /* AFFactoryManager.m in Sources */ = {isa = PBXBuildFile; fileRef = 4553C47D259383C100856E84 /* AFFactoryManager.m */; };
		4553C485259387A300856E84 /* AFBaseFactory.m in Sources */ = {isa = PBXBuildFile; fileRef = 4553C484259387A300856E84 /* AFBaseFactory.m */; };
		4553C488259387ED00856E84 /* AFBasePhone.m in Sources */ = {isa = PBXBuildFile; fileRef = 4553C487259387ED00856E84 /* AFBasePhone.m */; };
		4553C48B259387F800856E84 /* AFBaseWatch.m in Sources */ = {isa = PBXBuildFile; fileRef = 4553C48A259387F800856E84 /* AFBaseWatch.m */; };
		4553C48E2593880200856E84 /* AFBaseTV.m in Sources */ = {isa = PBXBuildFile; fileRef = 4553C48D2593880200856E84 /* AFBaseTV.m */; };
		4553C49125938C7E00856E84 /* AFAppleFactory.m in Sources */ = {isa = PBXBuildFile; fileRef = 4553C49025938C7E00856E84 /* AFAppleFactory.m */; };
		4553C49425938C8C00856E84 /* AFAndroidFactory.m in Sources */ = {isa = PBXBuildFile; fileRef = 4553C49325938C8C00856E84 /* AFAndroidFactory.m */; };
		4553C49725938C9F00856E84 /* AFApplePhone.m in Sources */ = {isa = PBXBuildFile; fileRef = 4553C49625938C9F00856E84 /* AFApplePhone.m */; };
		4553C49A25938CA800856E84 /* AFAndroidPhone.m in Sources */ = {isa = PBXBuildFile; fileRef = 4553C49925938CA800856E84 /* AFAndroidPhone.m */; };
		4553C49D25938CB700856E84 /* AFAppleWatch.m in Sources */ = {isa = PBXBuildFile; fileRef = 4553C49C25938CB700856E84 /* AFAppleWatch.m */; };
		4553C4A025938CBF00856E84 /* AFAndroidWatch.m in Sources */ = {isa = PBXBuildFile; fileRef = 4553C49F25938CBF00856E84 /* AFAndroidWatch.m */; };
		4553C4A325938CCF00856E84 /* AFAppleTV.m in Sources */ = {isa = PBXBuildFile; fileRef = 4553C4A225938CCF00856E84 /* AFAppleTV.m */; };
		4553C4A625938CDA00856E84 /* AFAndroidTV.m in Sources */ = {isa = PBXBuildFile; fileRef = 4553C4A525938CDA00856E84 /* AFAndroidTV.m */; };
		45E520152590E7140012E838 /* AppDelegate.m in Sources */ = {isa = PBXBuildFile; fileRef = 45E520142590E7140012E838 /* AppDelegate.m */; };
		45E520182590E7140012E838 /* SceneDelegate.m in Sources */ = {isa = PBXBuildFile; fileRef = 45E520172590E7140012E838 /* SceneDelegate.m */; };
		45E5201B2590E7140012E838 /* ViewController.m in Sources */ = {isa = PBXBuildFile; fileRef = 45E5201A2590E7140012E838 /* ViewController.m */; };
		45E5201E2590E7140012E838 /* Main.storyboard in Resources */ = {isa = PBXBuildFile; fileRef = 45E5201C2590E7140012E838 /* Main.storyboard */; };
		45E520202590E7170012E838 /* Assets.xcassets in Resources */ = {isa = PBXBuildFile; fileRef = 45E5201F2590E7170012E838 /* Assets.xcassets */; };
		45E520232590E7170012E838 /* LaunchScreen.storyboard in Resources */ = {isa = PBXBuildFile; fileRef = 45E520212590E7170012E838 /* LaunchScreen.storyboard */; };
		45E520262590E7170012E838 /* main.m in Sources */ = {isa = PBXBuildFile; fileRef = 45E520252590E7170012E838 /* main.m */; };
/* End PBXBuildFile section */

/* Begin PBXFileReference section */
		455200C82594D82100AD8F8D /* SingletonUserInfo.h */ = {isa = PBXFileReference; lastKnownFileType = sourcecode.c.h; path = SingletonUserInfo.h; sourceTree = "<group>"; };
		455200C92594D82100AD8F8D /* SingletonUserInfo.m */ = {isa = PBXFileReference; lastKnownFileType = sourcecode.c.objc; path = SingletonUserInfo.m; sourceTree = "<group>"; };
		455200CB2594DE3B00AD8F8D /* SingletonSubUserInfo.h */ = {isa = PBXFileReference; lastKnownFileType = sourcecode.c.h; path = SingletonSubUserInfo.h; sourceTree = "<group>"; };
		455200CC2594DE3B00AD8F8D /* SingletonSubUserInfo.m */ = {isa = PBXFileReference; lastKnownFileType = sourcecode.c.objc; path = SingletonSubUserInfo.m; sourceTree = "<group>"; };
		4553C46B2593795300856E84 /* SFBasePhone.h */ = {isa = PBXFileReference; lastKnownFileType = sourcecode.c.h; path = SFBasePhone.h; sourceTree = "<group>"; };
		4553C46C2593795300856E84 /* SFBasePhone.m */ = {isa = PBXFileReference; lastKnownFileType = sourcecode.c.objc; path = SFBasePhone.m; sourceTree = "<group>"; };
		4553C46E2593797300856E84 /* SFPhoneProtocol.h */ = {isa = PBXFileReference; lastKnownFileType = sourcecode.c.h; path = SFPhoneProtocol.h; sourceTree = "<group>"; };
		4553C46F259379AF00856E84 /* SFApplePhone.h */ = {isa = PBXFileReference; lastKnownFileType = sourcecode.c.h; path = SFApplePhone.h; sourceTree = "<group>"; };
		4553C470259379AF00856E84 /* SFApplePhone.m */ = {isa = PBXFileReference; lastKnownFileType = sourcecode.c.objc; path = SFApplePhone.m; sourceTree = "<group>"; };
		4553C472259379BC00856E84 /* SFAndroidPhone.h */ = {isa = PBXFileReference; lastKnownFileType = sourcecode.c.h; path = SFAndroidPhone.h; sourceTree = "<group>"; };
		4553C473259379BC00856E84 /* SFAndroidPhone.m */ = {isa = PBXFileReference; lastKnownFileType = sourcecode.c.objc; path = SFAndroidPhone.m; sourceTree = "<group>"; };
		4553C475259379DC00856E84 /* SFHammerPhone.h */ = {isa = PBXFileReference; lastKnownFileType = sourcecode.c.h; path = SFHammerPhone.h; sourceTree = "<group>"; };
		4553C476259379DC00856E84 /* SFHammerPhone.m */ = {isa = PBXFileReference; lastKnownFileType = sourcecode.c.objc; path = SFHammerPhone.m; sourceTree = "<group>"; };
		4553C47825937B0C00856E84 /* SFPhoneFactory.h */ = {isa = PBXFileReference; lastKnownFileType = sourcecode.c.h; path = SFPhoneFactory.h; sourceTree = "<group>"; };
		4553C47925937B0C00856E84 /* SFPhoneFactory.m */ = {isa = PBXFileReference; lastKnownFileType = sourcecode.c.objc; path = SFPhoneFactory.m; sourceTree = "<group>"; };
		4553C47C259383C100856E84 /* AFFactoryManager.h */ = {isa = PBXFileReference; lastKnownFileType = sourcecode.c.h; path = AFFactoryManager.h; sourceTree = "<group>"; };
		4553C47D259383C100856E84 /* AFFactoryManager.m */ = {isa = PBXFileReference; lastKnownFileType = sourcecode.c.objc; path = AFFactoryManager.m; sourceTree = "<group>"; };
		4553C483259387A300856E84 /* AFBaseFactory.h */ = {isa = PBXFileReference; lastKnownFileType = sourcecode.c.h; path = AFBaseFactory.h; sourceTree = "<group>"; };
		4553C484259387A300856E84 /* AFBaseFactory.m */ = {isa = PBXFileReference; lastKnownFileType = sourcecode.c.objc; path = AFBaseFactory.m; sourceTree = "<group>"; };
		4553C486259387ED00856E84 /* AFBasePhone.h */ = {isa = PBXFileReference; lastKnownFileType = sourcecode.c.h; path = AFBasePhone.h; sourceTree = "<group>"; };
		4553C487259387ED00856E84 /* AFBasePhone.m */ = {isa = PBXFileReference; lastKnownFileType = sourcecode.c.objc; path = AFBasePhone.m; sourceTree = "<group>"; };
		4553C489259387F800856E84 /* AFBaseWatch.h */ = {isa = PBXFileReference; lastKnownFileType = sourcecode.c.h; path = AFBaseWatch.h; sourceTree = "<group>"; };
		4553C48A259387F800856E84 /* AFBaseWatch.m */ = {isa = PBXFileReference; lastKnownFileType = sourcecode.c.objc; path = AFBaseWatch.m; sourceTree = "<group>"; };
		4553C48C2593880200856E84 /* AFBaseTV.h */ = {isa = PBXFileReference; lastKnownFileType = sourcecode.c.h; path = AFBaseTV.h; sourceTree = "<group>"; };
		4553C48D2593880200856E84 /* AFBaseTV.m */ = {isa = PBXFileReference; lastKnownFileType = sourcecode.c.objc; path = AFBaseTV.m; sourceTree = "<group>"; };
		4553C48F25938C7E00856E84 /* AFAppleFactory.h */ = {isa = PBXFileReference; lastKnownFileType = sourcecode.c.h; path = AFAppleFactory.h; sourceTree = "<group>"; };
		4553C49025938C7E00856E84 /* AFAppleFactory.m */ = {isa = PBXFileReference; lastKnownFileType = sourcecode.c.objc; path = AFAppleFactory.m; sourceTree = "<group>"; };
		4553C49225938C8C00856E84 /* AFAndroidFactory.h */ = {isa = PBXFileReference; lastKnownFileType = sourcecode.c.h; path = AFAndroidFactory.h; sourceTree = "<group>"; };
		4553C49325938C8C00856E84 /* AFAndroidFactory.m */ = {isa = PBXFileReference; lastKnownFileType = sourcecode.c.objc; path = AFAndroidFactory.m; sourceTree = "<group>"; };
		4553C49525938C9F00856E84 /* AFApplePhone.h */ = {isa = PBXFileReference; lastKnownFileType = sourcecode.c.h; path = AFApplePhone.h; sourceTree = "<group>"; };
		4553C49625938C9F00856E84 /* AFApplePhone.m */ = {isa = PBXFileReference; lastKnownFileType = sourcecode.c.objc; path = AFApplePhone.m; sourceTree = "<group>"; };
		4553C49825938CA800856E84 /* AFAndroidPhone.h */ = {isa = PBXFileReference; lastKnownFileType = sourcecode.c.h; path = AFAndroidPhone.h; sourceTree = "<group>"; };
		4553C49925938CA800856E84 /* AFAndroidPhone.m */ = {isa = PBXFileReference; lastKnownFileType = sourcecode.c.objc; path = AFAndroidPhone.m; sourceTree = "<group>"; };
		4553C49B25938CB700856E84 /* AFAppleWatch.h */ = {isa = PBXFileReference; lastKnownFileType = sourcecode.c.h; path = AFAppleWatch.h; sourceTree = "<group>"; };
		4553C49C25938CB700856E84 /* AFAppleWatch.m */ = {isa = PBXFileReference; lastKnownFileType = sourcecode.c.objc; path = AFAppleWatch.m; sourceTree = "<group>"; };
		4553C49E25938CBF00856E84 /* AFAndroidWatch.h */ = {isa = PBXFileReference; lastKnownFileType = sourcecode.c.h; path = AFAndroidWatch.h; sourceTree = "<group>"; };
		4553C49F25938CBF00856E84 /* AFAndroidWatch.m */ = {isa = PBXFileReference; lastKnownFileType = sourcecode.c.objc; path = AFAndroidWatch.m; sourceTree = "<group>"; };
		4553C4A125938CCF00856E84 /* AFAppleTV.h */ = {isa = PBXFileReference; lastKnownFileType = sourcecode.c.h; path = AFAppleTV.h; sourceTree = "<group>"; };
		4553C4A225938CCF00856E84 /* AFAppleTV.m */ = {isa = PBXFileReference; lastKnownFileType = sourcecode.c.objc; path = AFAppleTV.m; sourceTree = "<group>"; };
		4553C4A425938CDA00856E84 /* AFAndroidTV.h */ = {isa = PBXFileReference; lastKnownFileType = sourcecode.c.h; path = AFAndroidTV.h; sourceTree = "<group>"; };
		4553C4A525938CDA00856E84 /* AFAndroidTV.m */ = {isa = PBXFileReference; lastKnownFileType = sourcecode.c.objc; path = AFAndroidTV.m; sourceTree = "<group>"; };
		45E520102590E7140012E838 /* DesignPatternsOC.app */ = {isa = PBXFileReference; explicitFileType = wrapper.application; includeInIndex = 0; path = DesignPatternsOC.app; sourceTree = BUILT_PRODUCTS_DIR; };
		45E520132590E7140012E838 /* AppDelegate.h */ = {isa = PBXFileReference; lastKnownFileType = sourcecode.c.h; path = AppDelegate.h; sourceTree = "<group>"; };
		45E520142590E7140012E838 /* AppDelegate.m */ = {isa = PBXFileReference; lastKnownFileType = sourcecode.c.objc; path = AppDelegate.m; sourceTree = "<group>"; };
		45E520162590E7140012E838 /* SceneDelegate.h */ = {isa = PBXFileReference; lastKnownFileType = sourcecode.c.h; path = SceneDelegate.h; sourceTree = "<group>"; };
		45E520172590E7140012E838 /* SceneDelegate.m */ = {isa = PBXFileReference; lastKnownFileType = sourcecode.c.objc; path = SceneDelegate.m; sourceTree = "<group>"; };
		45E520192590E7140012E838 /* ViewController.h */ = {isa = PBXFileReference; lastKnownFileType = sourcecode.c.h; path = ViewController.h; sourceTree = "<group>"; };
		45E5201A2590E7140012E838 /* ViewController.m */ = {isa = PBXFileReference; lastKnownFileType = sourcecode.c.objc; path = ViewController.m; sourceTree = "<group>"; };
		45E5201D2590E7140012E838 /* Base */ = {isa = PBXFileReference; lastKnownFileType = file.storyboard; name = Base; path = Base.lproj/Main.storyboard; sourceTree = "<group>"; };
		45E5201F2590E7170012E838 /* Assets.xcassets */ = {isa = PBXFileReference; lastKnownFileType = folder.assetcatalog; path = Assets.xcassets; sourceTree = "<group>"; };
		45E520222590E7170012E838 /* Base */ = {isa = PBXFileReference; lastKnownFileType = file.storyboard; name = Base; path = Base.lproj/LaunchScreen.storyboard; sourceTree = "<group>"; };
		45E520242590E7170012E838 /* Info.plist */ = {isa = PBXFileReference; lastKnownFileType = text.plist.xml; path = Info.plist; sourceTree = "<group>"; };
		45E520252590E7170012E838 /* main.m */ = {isa = PBXFileReference; lastKnownFileType = sourcecode.c.objc; path = main.m; sourceTree = "<group>"; };
/* End PBXFileReference section */

/* Begin PBXFrameworksBuildPhase section */
		45E5200D2590E7140012E838 /* Frameworks */ = {
			isa = PBXFrameworksBuildPhase;
			buildActionMask = 2147483647;
			files = (
			);
			runOnlyForDeploymentPostprocessing = 0;
		};
/* End PBXFrameworksBuildPhase section */

/* Begin PBXGroup section */
		455200C72594D73600AD8F8D /* singleton */ = {
			isa = PBXGroup;
			children = (
				455200C82594D82100AD8F8D /* SingletonUserInfo.h */,
				455200C92594D82100AD8F8D /* SingletonUserInfo.m */,
				455200CB2594DE3B00AD8F8D /* SingletonSubUserInfo.h */,
				455200CC2594DE3B00AD8F8D /* SingletonSubUserInfo.m */,
			);
			path = singleton;
			sourceTree = "<group>";
		};
		4553C46A2593746800856E84 /* simpleFactory */ = {
			isa = PBXGroup;
			children = (
				4553C46B2593795300856E84 /* SFBasePhone.h */,
				4553C46C2593795300856E84 /* SFBasePhone.m */,
				4553C46E2593797300856E84 /* SFPhoneProtocol.h */,
				4553C46F259379AF00856E84 /* SFApplePhone.h */,
				4553C470259379AF00856E84 /* SFApplePhone.m */,
				4553C472259379BC00856E84 /* SFAndroidPhone.h */,
				4553C473259379BC00856E84 /* SFAndroidPhone.m */,
				4553C475259379DC00856E84 /* SFHammerPhone.h */,
				4553C476259379DC00856E84 /* SFHammerPhone.m */,
				4553C47825937B0C00856E84 /* SFPhoneFactory.h */,
				4553C47925937B0C00856E84 /* SFPhoneFactory.m */,
			);
			path = simpleFactory;
			sourceTree = "<group>";
		};
		4553C47B2593838700856E84 /* abstractFactory */ = {
			isa = PBXGroup;
			children = (
				4553C482259383E400856E84 /* tv */,
				4553C481259383DD00856E84 /* watch */,
				4553C480259383D500856E84 /* phone */,
				4553C47F259383CC00856E84 /* factory */,
				4553C47C259383C100856E84 /* AFFactoryManager.h */,
				4553C47D259383C100856E84 /* AFFactoryManager.m */,
			);
			path = abstractFactory;
			sourceTree = "<group>";
		};
		4553C47F259383CC00856E84 /* factory */ = {
			isa = PBXGroup;
			children = (
				4553C483259387A300856E84 /* AFBaseFactory.h */,
				4553C484259387A300856E84 /* AFBaseFactory.m */,
				4553C48F25938C7E00856E84 /* AFAppleFactory.h */,
				4553C49025938C7E00856E84 /* AFAppleFactory.m */,
				4553C49225938C8C00856E84 /* AFAndroidFactory.h */,
				4553C49325938C8C00856E84 /* AFAndroidFactory.m */,
			);
			path = factory;
			sourceTree = "<group>";
		};
		4553C480259383D500856E84 /* phone */ = {
			isa = PBXGroup;
			children = (
				4553C486259387ED00856E84 /* AFBasePhone.h */,
				4553C487259387ED00856E84 /* AFBasePhone.m */,
				4553C49525938C9F00856E84 /* AFApplePhone.h */,
				4553C49625938C9F00856E84 /* AFApplePhone.m */,
				4553C49825938CA800856E84 /* AFAndroidPhone.h */,
				4553C49925938CA800856E84 /* AFAndroidPhone.m */,
			);
			path = phone;
			sourceTree = "<group>";
		};
		4553C481259383DD00856E84 /* watch */ = {
			isa = PBXGroup;
			children = (
				4553C489259387F800856E84 /* AFBaseWatch.h */,
				4553C48A259387F800856E84 /* AFBaseWatch.m */,
				4553C49B25938CB700856E84 /* AFAppleWatch.h */,
				4553C49C25938CB700856E84 /* AFAppleWatch.m */,
				4553C49E25938CBF00856E84 /* AFAndroidWatch.h */,
				4553C49F25938CBF00856E84 /* AFAndroidWatch.m */,
			);
			path = watch;
			sourceTree = "<group>";
		};
		4553C482259383E400856E84 /* tv */ = {
			isa = PBXGroup;
			children = (
				4553C48C2593880200856E84 /* AFBaseTV.h */,
				4553C48D2593880200856E84 /* AFBaseTV.m */,
				4553C4A125938CCF00856E84 /* AFAppleTV.h */,
				4553C4A225938CCF00856E84 /* AFAppleTV.m */,
				4553C4A425938CDA00856E84 /* AFAndroidTV.h */,
				4553C4A525938CDA00856E84 /* AFAndroidTV.m */,
			);
			path = tv;
			sourceTree = "<group>";
		};
		45E520072590E7140012E838 = {
			isa = PBXGroup;
			children = (
				45E520122590E7140012E838 /* DesignPatternsOC */,
				45E520112590E7140012E838 /* Products */,
			);
			sourceTree = "<group>";
		};
		45E520112590E7140012E838 /* Products */ = {
			isa = PBXGroup;
			children = (
				45E520102590E7140012E838 /* DesignPatternsOC.app */,
			);
			name = Products;
			sourceTree = "<group>";
		};
		45E520122590E7140012E838 /* DesignPatternsOC */ = {
			isa = PBXGroup;
			children = (
				45E5202F2590E7FF0012E838 /* behavioral */,
				45E5202E2590E7FB0012E838 /* creational */,
				45E5202D2590E7F60012E838 /* structural */,
				45E5202C2590E74D0012E838 /* basicPrinciples */,
				45E520132590E7140012E838 /* AppDelegate.h */,
				45E520142590E7140012E838 /* AppDelegate.m */,
				45E520162590E7140012E838 /* SceneDelegate.h */,
				45E520172590E7140012E838 /* SceneDelegate.m */,
				45E520192590E7140012E838 /* ViewController.h */,
				45E5201A2590E7140012E838 /* ViewController.m */,
				45E5201C2590E7140012E838 /* Main.storyboard */,
				45E5201F2590E7170012E838 /* Assets.xcassets */,
				45E520212590E7170012E838 /* LaunchScreen.storyboard */,
				45E520242590E7170012E838 /* Info.plist */,
				45E520252590E7170012E838 /* main.m */,
			);
			path = DesignPatternsOC;
			sourceTree = "<group>";
		};
		45E5202C2590E74D0012E838 /* basicPrinciples */ = {
			isa = PBXGroup;
			children = (
			);
			path = basicPrinciples;
			sourceTree = "<group>";
		};
		45E5202D2590E7F60012E838 /* structural */ = {
			isa = PBXGroup;
			children = (
				455200C72594D73600AD8F8D /* singleton */,
				4553C47B2593838700856E84 /* abstractFactory */,
				4553C46A2593746800856E84 /* simpleFactory */,
			);
			path = structural;
			sourceTree = "<group>";
		};
		45E5202E2590E7FB0012E838 /* creational */ = {
			isa = PBXGroup;
			children = (
			);
			path = creational;
			sourceTree = "<group>";
		};
		45E5202F2590E7FF0012E838 /* behavioral */ = {
			isa = PBXGroup;
			children = (
			);
			path = behavioral;
			sourceTree = "<group>";
		};
/* End PBXGroup section */

/* Begin PBXNativeTarget section */
		45E5200F2590E7140012E838 /* DesignPatternsOC */ = {
			isa = PBXNativeTarget;
			buildConfigurationList = 45E520292590E7170012E838 /* Build configuration list for PBXNativeTarget "DesignPatternsOC" */;
			buildPhases = (
				45E5200C2590E7140012E838 /* Sources */,
				45E5200D2590E7140012E838 /* Frameworks */,
				45E5200E2590E7140012E838 /* Resources */,
			);
			buildRules = (
			);
			dependencies = (
			);
			name = DesignPatternsOC;
			productName = DesignPatternsOC;
			productReference = 45E520102590E7140012E838 /* DesignPatternsOC.app */;
			productType = "com.apple.product-type.application";
		};
/* End PBXNativeTarget section */

/* Begin PBXProject section */
		45E520082590E7140012E838 /* Project object */ = {
			isa = PBXProject;
			attributes = {
				LastUpgradeCheck = 1160;
				ORGANIZATIONNAME = east;
				TargetAttributes = {
					45E5200F2590E7140012E838 = {
						CreatedOnToolsVersion = 11.6;
					};
				};
			};
			buildConfigurationList = 45E5200B2590E7140012E838 /* Build configuration list for PBXProject "DesignPatternsOC" */;
			compatibilityVersion = "Xcode 9.3";
			developmentRegion = en;
			hasScannedForEncodings = 0;
			knownRegions = (
				en,
				Base,
			);
			mainGroup = 45E520072590E7140012E838;
			productRefGroup = 45E520112590E7140012E838 /* Products */;
			projectDirPath = "";
			projectRoot = "";
			targets = (
				45E5200F2590E7140012E838 /* DesignPatternsOC */,
			);
		};
/* End PBXProject section */

/* Begin PBXResourcesBuildPhase section */
		45E5200E2590E7140012E838 /* Resources */ = {
			isa = PBXResourcesBuildPhase;
			buildActionMask = 2147483647;
			files = (
				45E520232590E7170012E838 /* LaunchScreen.storyboard in Resources */,
				45E520202590E7170012E838 /* Assets.xcassets in Resources */,
				45E5201E2590E7140012E838 /* Main.storyboard in Resources */,
			);
			runOnlyForDeploymentPostprocessing = 0;
		};
/* End PBXResourcesBuildPhase section */

/* Begin PBXSourcesBuildPhase section */
		45E5200C2590E7140012E838 /* Sources */ = {
			isa = PBXSourcesBuildPhase;
			buildActionMask = 2147483647;
			files = (
				4553C49A25938CA800856E84 /* AFAndroidPhone.m in Sources */,
				4553C49725938C9F00856E84 /* AFApplePhone.m in Sources */,
				4553C46D2593795300856E84 /* SFBasePhone.m in Sources */,
				4553C4A625938CDA00856E84 /* AFAndroidTV.m in Sources */,
				4553C485259387A300856E84 /* AFBaseFactory.m in Sources */,
				4553C471259379AF00856E84 /* SFApplePhone.m in Sources */,
				4553C4A025938CBF00856E84 /* AFAndroidWatch.m in Sources */,
				4553C4A325938CCF00856E84 /* AFAppleTV.m in Sources */,
				4553C488259387ED00856E84 /* AFBasePhone.m in Sources */,
				4553C49425938C8C00856E84 /* AFAndroidFactory.m in Sources */,
				45E5201B2590E7140012E838 /* ViewController.m in Sources */,
				4553C49125938C7E00856E84 /* AFAppleFactory.m in Sources */,
				45E520152590E7140012E838 /* AppDelegate.m in Sources */,
				455200CA2594D82100AD8F8D /* SingletonUserInfo.m in Sources */,
				4553C47E259383C100856E84 /* AFFactoryManager.m in Sources */,
				4553C47A25937B0C00856E84 /* SFPhoneFactory.m in Sources */,
				4553C477259379DC00856E84 /* SFHammerPhone.m in Sources */,
				45E520262590E7170012E838 /* main.m in Sources */,
				45E520182590E7140012E838 /* SceneDelegate.m in Sources */,
				4553C48B259387F800856E84 /* AFBaseWatch.m in Sources */,
				4553C48E2593880200856E84 /* AFBaseTV.m in Sources */,
				455200CD2594DE3B00AD8F8D /* SingletonSubUserInfo.m in Sources */,
				4553C474259379BC00856E84 /* SFAndroidPhone.m in Sources */,
				4553C49D25938CB700856E84 /* AFAppleWatch.m in Sources */,
			);
			runOnlyForDeploymentPostprocessing = 0;
		};
/* End PBXSourcesBuildPhase section */

/* Begin PBXVariantGroup section */
		45E5201C2590E7140012E838 /* Main.storyboard */ = {
			isa = PBXVariantGroup;
			children = (
				45E5201D2590E7140012E838 /* Base */,
			);
			name = Main.storyboard;
			sourceTree = "<group>";
		};
		45E520212590E7170012E838 /* LaunchScreen.storyboard */ = {
			isa = PBXVariantGroup;
			children = (
				45E520222590E7170012E838 /* Base */,
			);
			name = LaunchScreen.storyboard;
			sourceTree = "<group>";
		};
/* End PBXVariantGroup section */

/* Begin XCBuildConfiguration section */
		45E520272590E7170012E838 /* Debug */ = {
			isa = XCBuildConfiguration;
			buildSettings = {
				ALWAYS_SEARCH_USER_PATHS = NO;
				CLANG_ANALYZER_NONNULL = YES;
				CLANG_ANALYZER_NUMBER_OBJECT_CONVERSION = YES_AGGRESSIVE;
				CLANG_CXX_LANGUAGE_STANDARD = "gnu++14";
				CLANG_CXX_LIBRARY = "libc++";
				CLANG_ENABLE_MODULES = YES;
				CLANG_ENABLE_OBJC_ARC = YES;
				CLANG_ENABLE_OBJC_WEAK = YES;
				CLANG_WARN_BLOCK_CAPTURE_AUTORELEASING = YES;
				CLANG_WARN_BOOL_CONVERSION = YES;
				CLANG_WARN_COMMA = YES;
				CLANG_WARN_CONSTANT_CONVERSION = YES;
				CLANG_WARN_DEPRECATED_OBJC_IMPLEMENTATIONS = YES;
				CLANG_WARN_DIRECT_OBJC_ISA_USAGE = YES_ERROR;
				CLANG_WARN_DOCUMENTATION_COMMENTS = YES;
				CLANG_WARN_EMPTY_BODY = YES;
				CLANG_WARN_ENUM_CONVERSION = YES;
				CLANG_WARN_INFINITE_RECURSION = YES;
				CLANG_WARN_INT_CONVERSION = YES;
				CLANG_WARN_NON_LITERAL_NULL_CONVERSION = YES;
				CLANG_WARN_OBJC_IMPLICIT_RETAIN_SELF = YES;
				CLANG_WARN_OBJC_LITERAL_CONVERSION = YES;
				CLANG_WARN_OBJC_ROOT_CLASS = YES_ERROR;
				CLANG_WARN_RANGE_LOOP_ANALYSIS = YES;
				CLANG_WARN_STRICT_PROTOTYPES = YES;
				CLANG_WARN_SUSPICIOUS_MOVE = YES;
				CLANG_WARN_UNGUARDED_AVAILABILITY = YES_AGGRESSIVE;
				CLANG_WARN_UNREACHABLE_CODE = YES;
				CLANG_WARN__DUPLICATE_METHOD_MATCH = YES;
				COPY_PHASE_STRIP = NO;
				DEBUG_INFORMATION_FORMAT = dwarf;
				ENABLE_STRICT_OBJC_MSGSEND = YES;
				ENABLE_TESTABILITY = YES;
				GCC_C_LANGUAGE_STANDARD = gnu11;
				GCC_DYNAMIC_NO_PIC = NO;
				GCC_NO_COMMON_BLOCKS = YES;
				GCC_OPTIMIZATION_LEVEL = 0;
				GCC_PREPROCESSOR_DEFINITIONS = (
					"DEBUG=1",
					"$(inherited)",
				);
				GCC_WARN_64_TO_32_BIT_CONVERSION = YES;
				GCC_WARN_ABOUT_RETURN_TYPE = YES_ERROR;
				GCC_WARN_UNDECLARED_SELECTOR = YES;
				GCC_WARN_UNINITIALIZED_AUTOS = YES_AGGRESSIVE;
				GCC_WARN_UNUSED_FUNCTION = YES;
				GCC_WARN_UNUSED_VARIABLE = YES;
				IPHONEOS_DEPLOYMENT_TARGET = 13.6;
				MTL_ENABLE_DEBUG_INFO = INCLUDE_SOURCE;
				MTL_FAST_MATH = YES;
				ONLY_ACTIVE_ARCH = YES;
				SDKROOT = iphoneos;
			};
			name = Debug;
		};
		45E520282590E7170012E838 /* Release */ = {
			isa = XCBuildConfiguration;
			buildSettings = {
				ALWAYS_SEARCH_USER_PATHS = NO;
				CLANG_ANALYZER_NONNULL = YES;
				CLANG_ANALYZER_NUMBER_OBJECT_CONVERSION = YES_AGGRESSIVE;
				CLANG_CXX_LANGUAGE_STANDARD = "gnu++14";
				CLANG_CXX_LIBRARY = "libc++";
				CLANG_ENABLE_MODULES = YES;
				CLANG_ENABLE_OBJC_ARC = YES;
				CLANG_ENABLE_OBJC_WEAK = YES;
				CLANG_WARN_BLOCK_CAPTURE_AUTORELEASING = YES;
				CLANG_WARN_BOOL_CONVERSION = YES;
				CLANG_WARN_COMMA = YES;
				CLANG_WARN_CONSTANT_CONVERSION = YES;
				CLANG_WARN_DEPRECATED_OBJC_IMPLEMENTATIONS = YES;
				CLANG_WARN_DIRECT_OBJC_ISA_USAGE = YES_ERROR;
				CLANG_WARN_DOCUMENTATION_COMMENTS = YES;
				CLANG_WARN_EMPTY_BODY = YES;
				CLANG_WARN_ENUM_CONVERSION = YES;
				CLANG_WARN_INFINITE_RECURSION = YES;
				CLANG_WARN_INT_CONVERSION = YES;
				CLANG_WARN_NON_LITERAL_NULL_CONVERSION = YES;
				CLANG_WARN_OBJC_IMPLICIT_RETAIN_SELF = YES;
				CLANG_WARN_OBJC_LITERAL_CONVERSION = YES;
				CLANG_WARN_OBJC_ROOT_CLASS = YES_ERROR;
				CLANG_WARN_RANGE_LOOP_ANALYSIS = YES;
				CLANG_WARN_STRICT_PROTOTYPES = YES;
				CLANG_WARN_SUSPICIOUS_MOVE = YES;
				CLANG_WARN_UNGUARDED_AVAILABILITY = YES_AGGRESSIVE;
				CLANG_WARN_UNREACHABLE_CODE = YES;
				CLANG_WARN__DUPLICATE_METHOD_MATCH = YES;
				COPY_PHASE_STRIP = NO;
				DEBUG_INFORMATION_FORMAT = "dwarf-with-dsym";
				ENABLE_NS_ASSERTIONS = NO;
				ENABLE_STRICT_OBJC_MSGSEND = YES;
				GCC_C_LANGUAGE_STANDARD = gnu11;
				GCC_NO_COMMON_BLOCKS = YES;
				GCC_WARN_64_TO_32_BIT_CONVERSION = YES;
				GCC_WARN_ABOUT_RETURN_TYPE = YES_ERROR;
				GCC_WARN_UNDECLARED_SELECTOR = YES;
				GCC_WARN_UNINITIALIZED_AUTOS = YES_AGGRESSIVE;
				GCC_WARN_UNUSED_FUNCTION = YES;
				GCC_WARN_UNUSED_VARIABLE = YES;
				IPHONEOS_DEPLOYMENT_TARGET = 13.6;
				MTL_ENABLE_DEBUG_INFO = NO;
				MTL_FAST_MATH = YES;
				SDKROOT = iphoneos;
				VALIDATE_PRODUCT = YES;
			};
			name = Release;
		};
		45E5202A2590E7170012E838 /* Debug */ = {
			isa = XCBuildConfiguration;
			buildSettings = {
				ASSETCATALOG_COMPILER_APPICON_NAME = AppIcon;
				CODE_SIGN_STYLE = Automatic;
				INFOPLIST_FILE = DesignPatternsOC/Info.plist;
				LD_RUNPATH_SEARCH_PATHS = (
					"$(inherited)",
					"@executable_path/Frameworks",
				);
				MARKETING_VERSION = 1.0.0;
				PRODUCT_BUNDLE_IDENTIFIER = com.east.DesignPatternsOC;
				PRODUCT_NAME = "$(TARGET_NAME)";
				TARGETED_DEVICE_FAMILY = "1,2";
			};
			name = Debug;
		};
		45E5202B2590E7170012E838 /* Release */ = {
			isa = XCBuildConfiguration;
			buildSettings = {
				ASSETCATALOG_COMPILER_APPICON_NAME = AppIcon;
				CODE_SIGN_STYLE = Automatic;
				INFOPLIST_FILE = DesignPatternsOC/Info.plist;
				LD_RUNPATH_SEARCH_PATHS = (
					"$(inherited)",
					"@executable_path/Frameworks",
				);
				MARKETING_VERSION = 1.0.0;
				PRODUCT_BUNDLE_IDENTIFIER = com.east.DesignPatternsOC;
				PRODUCT_NAME = "$(TARGET_NAME)";
				TARGETED_DEVICE_FAMILY = "1,2";
			};
			name = Release;
		};
/* End XCBuildConfiguration section */

/* Begin XCConfigurationList section */
		45E5200B2590E7140012E838 /* Build configuration list for PBXProject "DesignPatternsOC" */ = {
			isa = XCConfigurationList;
			buildConfigurations = (
				45E520272590E7170012E838 /* Debug */,
				45E520282590E7170012E838 /* Release */,
			);
			defaultConfigurationIsVisible = 0;
			defaultConfigurationName = Release;
		};
		45E520292590E7170012E838 /* Build configuration list for PBXNativeTarget "DesignPatternsOC" */ = {
			isa = XCConfigurationList;
			buildConfigurations = (
				45E5202A2590E7170012E838 /* Debug */,
				45E5202B2590E7170012E838 /* Release */,
			);
			defaultConfigurationIsVisible = 0;
			defaultConfigurationName = Release;
		};
/* End XCConfigurationList section */
	};
	rootObject = 45E520082590E7140012E838 /* Project object */;
}
